// !$*UTF8*$!
{
	archiveVersion = 1;
	classes = {
	};
	objectVersion = 50;
	objects = {

/* Begin PBXBuildFile section */
		E244A449266662E200765E3A /* SwiftLogo.swift in Sources */ = {isa = PBXBuildFile; fileRef = E244A448266662E200765E3A /* SwiftLogo.swift */; };
		E2F3445826662F8900123EAC /* MySwiftUIAppApp.swift in Sources */ = {isa = PBXBuildFile; fileRef = E2F3445726662F8900123EAC /* MySwiftUIAppApp.swift */; };
		E2F3445A26662F8900123EAC /* ContentView.swift in Sources */ = {isa = PBXBuildFile; fileRef = E2F3445926662F8900123EAC /* ContentView.swift */; };
		E2F3445C26662F8900123EAC /* Assets.xcassets in Resources */ = {isa = PBXBuildFile; fileRef = E2F3445B26662F8900123EAC /* Assets.xcassets */; };
		E2F3445F26662F8900123EAC /* Preview Assets.xcassets in Resources */ = {isa = PBXBuildFile; fileRef = E2F3445E26662F8900123EAC /* Preview Assets.xcassets */; };
		E2F34467266648FD00123EAC /* ColorCircle.swift in Sources */ = {isa = PBXBuildFile; fileRef = E2F34466266648FD00123EAC /* ColorCircle.swift */; };
		E2F3446926664FA300123EAC /* SwiftImage.swift in Sources */ = {isa = PBXBuildFile; fileRef = E2F3446826664FA300123EAC /* SwiftImage.swift */; };
/* End PBXBuildFile section */

/* Begin PBXFileReference section */
		E244A448266662E200765E3A /* SwiftLogo.swift */ = {isa = PBXFileReference; lastKnownFileType = sourcecode.swift; path = SwiftLogo.swift; sourceTree = "<group>"; };
		E2F3445426662F8900123EAC /* MySwiftUIApp.app */ = {isa = PBXFileReference; explicitFileType = wrapper.application; includeInIndex = 0; path = MySwiftUIApp.app; sourceTree = BUILT_PRODUCTS_DIR; };
		E2F3445726662F8900123EAC /* MySwiftUIAppApp.swift */ = {isa = PBXFileReference; lastKnownFileType = sourcecode.swift; path = MySwiftUIAppApp.swift; sourceTree = "<group>"; };
		E2F3445926662F8900123EAC /* ContentView.swift */ = {isa = PBXFileReference; lastKnownFileType = sourcecode.swift; path = ContentView.swift; sourceTree = "<group>"; };
		E2F3445B26662F8900123EAC /* Assets.xcassets */ = {isa = PBXFileReference; lastKnownFileType = folder.assetcatalog; path = Assets.xcassets; sourceTree = "<group>"; };
		E2F3445E26662F8900123EAC /* Preview Assets.xcassets */ = {isa = PBXFileReference; lastKnownFileType = folder.assetcatalog; path = "Preview Assets.xcassets"; sourceTree = "<group>"; };
		E2F3446026662F8900123EAC /* Info.plist */ = {isa = PBXFileReference; lastKnownFileType = text.plist.xml; path = Info.plist; sourceTree = "<group>"; };
		E2F34466266648FD00123EAC /* ColorCircle.swift */ = {isa = PBXFileReference; lastKnownFileType = sourcecode.swift; path = ColorCircle.swift; sourceTree = "<group>"; };
		E2F3446826664FA300123EAC /* SwiftImage.swift */ = {isa = PBXFileReference; lastKnownFileType = sourcecode.swift; path = SwiftImage.swift; sourceTree = "<group>"; };
/* End PBXFileReference section */

/* Begin PBXFrameworksBuildPhase section */
		E2F3445126662F8900123EAC /* Frameworks */ = {
			isa = PBXFrameworksBuildPhase;
			buildActionMask = 2147483647;
			files = (
			);
			runOnlyForDeploymentPostprocessing = 0;
		};
/* End PBXFrameworksBuildPhase section */

/* Begin PBXGroup section */
		E2F3444B26662F8900123EAC = {
			isa = PBXGroup;
			children = (
				E2F3445626662F8900123EAC /* MySwiftUIApp */,
				E2F3445526662F8900123EAC /* Products */,
			);
			sourceTree = "<group>";
		};
		E2F3445526662F8900123EAC /* Products */ = {
			isa = PBXGroup;
			children = (
				E2F3445426662F8900123EAC /* MySwiftUIApp.app */,
			);
			name = Products;
			sourceTree = "<group>";
		};
		E2F3445626662F8900123EAC /* MySwiftUIApp */ = {
			isa = PBXGroup;
			children = (
				E2F3445726662F8900123EAC /* MySwiftUIAppApp.swift */,
				E2F3445926662F8900123EAC /* ContentView.swift */,
				E2F34466266648FD00123EAC /* ColorCircle.swift */,
				E2F3446826664FA300123EAC /* SwiftImage.swift */,
				E244A448266662E200765E3A /* SwiftLogo.swift */,
				E2F3445B26662F8900123EAC /* Assets.xcassets */,
				E2F3446026662F8900123EAC /* Info.plist */,
				E2F3445D26662F8900123EAC /* Preview Content */,
			);
			path = MySwiftUIApp;
			sourceTree = "<group>";
		};
		E2F3445D26662F8900123EAC /* Preview Content */ = {
			isa = PBXGroup;
			children = (
				E2F3445E26662F8900123EAC /* Preview Assets.xcassets */,
			);
			path = "Preview Content";
			sourceTree = "<group>";
		};
/* End PBXGroup section */

/* Begin PBXNativeTarget section */
		E2F3445326662F8900123EAC /* MySwiftUIApp */ = {
			isa = PBXNativeTarget;
			buildConfigurationList = E2F3446326662F8900123EAC /* Build configuration list for PBXNativeTarget "MySwiftUIApp" */;
			buildPhases = (
				E2F3445026662F8900123EAC /* Sources */,
				E2F3445126662F8900123EAC /* Frameworks */,
				E2F3445226662F8900123EAC /* Resources */,
			);
			buildRules = (
			);
			dependencies = (
			);
			name = MySwiftUIApp;
			productName = MySwiftUIApp;
			productReference = E2F3445426662F8900123EAC /* MySwiftUIApp.app */;
			productType = "com.apple.product-type.application";
		};
/* End PBXNativeTarget section */

/* Begin PBXProject section */
		E2F3444C26662F8900123EAC /* Project object */ = {
			isa = PBXProject;
			attributes = {
				LastSwiftUpdateCheck = 1250;
				LastUpgradeCheck = 1250;
				TargetAttributes = {
					E2F3445326662F8900123EAC = {
						CreatedOnToolsVersion = 12.5;
					};
				};
			};
			buildConfigurationList = E2F3444F26662F8900123EAC /* Build configuration list for PBXProject "MySwiftUIApp" */;
			compatibilityVersion = "Xcode 9.3";
			developmentRegion = en;
			hasScannedForEncodings = 0;
			knownRegions = (
				en,
				Base,
			);
			mainGroup = E2F3444B26662F8900123EAC;
			productRefGroup = E2F3445526662F8900123EAC /* Products */;
			projectDirPath = "";
			projectRoot = "";
			targets = (
				E2F3445326662F8900123EAC /* MySwiftUIApp */,
			);
		};
/* End PBXProject section */

/* Begin PBXResourcesBuildPhase section */
		E2F3445226662F8900123EAC /* Resources */ = {
			isa = PBXResourcesBuildPhase;
			buildActionMask = 2147483647;
			files = (
				E2F3445F26662F8900123EAC /* Preview Assets.xcassets in Resources */,
				E2F3445C26662F8900123EAC /* Assets.xcassets in Resources */,
			);
			runOnlyForDeploymentPostprocessing = 0;
		};
/* End PBXResourcesBuildPhase section */

/* Begin PBXSourcesBuildPhase section */
		E2F3445026662F8900123EAC /* Sources */ = {
			isa = PBXSourcesBuildPhase;
			buildActionMask = 2147483647;
			files = (
				E2F3445A26662F8900123EAC /* ContentView.swift in Sources */,
				E2F3445826662F8900123EAC /* MySwiftUIAppApp.swift in Sources */,
				E2F34467266648FD00123EAC /* ColorCircle.swift in Sources */,
				E244A449266662E200765E3A /* SwiftLogo.swift in Sources */,
				E2F3446926664FA300123EAC /* SwiftImage.swift in Sources */,
			);
			runOnlyForDeploymentPostprocessing = 0;
		};
/* End PBXSourcesBuildPhase section */

/* Begin XCBuildConfiguration section */
		E2F3446126662F8900123EAC /* Debug */ = {
			isa = XCBuildConfiguration;
			buildSettings = {
				ALWAYS_SEARCH_USER_PATHS = NO;
				CLANG_ANALYZER_NONNULL = YES;
				CLANG_ANALYZER_NUMBER_OBJECT_CONVERSION = YES_AGGRESSIVE;
				CLANG_CXX_LANGUAGE_STANDARD = "gnu++14";
				CLANG_CXX_LIBRARY = "libc++";
				CLANG_ENABLE_MODULES = YES;
				CLANG_ENABLE_OBJC_ARC = YES;
				CLANG_ENABLE_OBJC_WEAK = YES;
				CLANG_WARN_BLOCK_CAPTURE_AUTORELEASING = YES;
				CLANG_WARN_BOOL_CONVERSION = YES;
				CLANG_WARN_COMMA = YES;
				CLANG_WARN_CONSTANT_CONVERSION = YES;
				CLANG_WARN_DEPRECATED_OBJC_IMPLEMENTATIONS = YES;
				CLANG_WARN_DIRECT_OBJC_ISA_USAGE = YES_ERROR;
				CLANG_WARN_DOCUMENTATION_COMMENTS = YES;
				CLANG_WARN_EMPTY_BODY = YES;
				CLANG_WARN_ENUM_CONVERSION = YES;
				CLANG_WARN_INFINITE_RECURSION = YES;
				CLANG_WARN_INT_CONVERSION = YES;
				CLANG_WARN_NON_LITERAL_NULL_CONVERSION = YES;
				CLANG_WARN_OBJC_IMPLICIT_RETAIN_SELF = YES;
				CLANG_WARN_OBJC_LITERAL_CONVERSION = YES;
				CLANG_WARN_OBJC_ROOT_CLASS = YES_ERROR;
				CLANG_WARN_QUOTED_INCLUDE_IN_FRAMEWORK_HEADER = YES;
				CLANG_WARN_RANGE_LOOP_ANALYSIS = YES;
				CLANG_WARN_STRICT_PROTOTYPES = YES;
				CLANG_WARN_SUSPICIOUS_MOVE = YES;
				CLANG_WARN_UNGUARDED_AVAILABILITY = YES_AGGRESSIVE;
				CLANG_WARN_UNREACHABLE_CODE = YES;
				CLANG_WARN__DUPLICATE_METHOD_MATCH = YES;
				COPY_PHASE_STRIP = NO;
				DEBUG_INFORMATION_FORMAT = dwarf;
				ENABLE_STRICT_OBJC_MSGSEND = YES;
				ENABLE_TESTABILITY = YES;
				GCC_C_LANGUAGE_STANDARD = gnu11;
				GCC_DYNAMIC_NO_PIC = NO;
				GCC_NO_COMMON_BLOCKS = YES;
				GCC_OPTIMIZATION_LEVEL = 0;
				GCC_PREPROCESSOR_DEFINITIONS = (
					"DEBUG=1",
					"$(inherited)",
				);
				GCC_WARN_64_TO_32_BIT_CONVERSION = YES;
				GCC_WARN_ABOUT_RETURN_TYPE = YES_ERROR;
				GCC_WARN_UNDECLARED_SELECTOR = YES;
				GCC_WARN_UNINITIALIZED_AUTOS = YES_AGGRESSIVE;
				GCC_WARN_UNUSED_FUNCTION = YES;
				GCC_WARN_UNUSED_VARIABLE = YES;
				IPHONEOS_DEPLOYMENT_TARGET = 14.5;
				MTL_ENABLE_DEBUG_INFO = INCLUDE_SOURCE;
				MTL_FAST_MATH = YES;
				ONLY_ACTIVE_ARCH = YES;
				SDKROOT = iphoneos;
				SWIFT_ACTIVE_COMPILATION_CONDITIONS = DEBUG;
				SWIFT_OPTIMIZATION_LEVEL = "-Onone";
			};
			name = Debug;
		};
		E2F3446226662F8900123EAC /* Release */ = {
			isa = XCBuildConfiguration;
			buildSettings = {
				ALWAYS_SEARCH_USER_PATHS = NO;
				CLANG_ANALYZER_NONNULL = YES;
				CLANG_ANALYZER_NUMBER_OBJECT_CONVERSION = YES_AGGRESSIVE;
				CLANG_CXX_LANGUAGE_STANDARD = "gnu++14";
				CLANG_CXX_LIBRARY = "libc++";
				CLANG_ENABLE_MODULES = YES;
				CLANG_ENABLE_OBJC_ARC = YES;
				CLANG_ENABLE_OBJC_WEAK = YES;
				CLANG_WARN_BLOCK_CAPTURE_AUTORELEASING = YES;
				CLANG_WARN_BOOL_CONVERSION = YES;
				CLANG_WARN_COMMA = YES;
				CLANG_WARN_CONSTANT_CONVERSION = YES;
				CLANG_WARN_DEPRECATED_OBJC_IMPLEMENTATIONS = YES;
				CLANG_WARN_DIRECT_OBJC_ISA_USAGE = YES_ERROR;
				CLANG_WARN_DOCUMENTATION_COMMENTS = YES;
				CLANG_WARN_EMPTY_BODY = YES;
				CLANG_WARN_ENUM_CONVERSION = YES;
				CLANG_WARN_INFINITE_RECURSION = YES;
				CLANG_WARN_INT_CONVERSION = YES;
				CLANG_WARN_NON_LITERAL_NULL_CONVERSION = YES;
				CLANG_WARN_OBJC_IMPLICIT_RETAIN_SELF = YES;
				CLANG_WARN_OBJC_LITERAL_CONVERSION = YES;
				CLANG_WARN_OBJC_ROOT_CLASS = YES_ERROR;
				CLANG_WARN_QUOTED_INCLUDE_IN_FRAMEWORK_HEADER = YES;
				CLANG_WARN_RANGE_LOOP_ANALYSIS = YES;
				CLANG_WARN_STRICT_PROTOTYPES = YES;
				CLANG_WARN_SUSPICIOUS_MOVE = YES;
				CLANG_WARN_UNGUARDED_AVAILABILITY = YES_AGGRESSIVE;
				CLANG_WARN_UNREACHABLE_CODE = YES;
				CLANG_WARN__DUPLICATE_METHOD_MATCH = YES;
				COPY_PHASE_STRIP = NO;
				DEBUG_INFORMATION_FORMAT = "dwarf-with-dsym";
				ENABLE_NS_ASSERTIONS = NO;
				ENABLE_STRICT_OBJC_MSGSEND = YES;
				GCC_C_LANGUAGE_STANDARD = gnu11;
				GCC_NO_COMMON_BLOCKS = YES;
				GCC_WARN_64_TO_32_BIT_CONVERSION = YES;
				GCC_WARN_ABOUT_RETURN_TYPE = YES_ERROR;
				GCC_WARN_UNDECLARED_SELECTOR = YES;
				GCC_WARN_UNINITIALIZED_AUTOS = YES_AGGRESSIVE;
				GCC_WARN_UNUSED_FUNCTION = YES;
				GCC_WARN_UNUSED_VARIABLE = YES;
				IPHONEOS_DEPLOYMENT_TARGET = 14.5;
				MTL_ENABLE_DEBUG_INFO = NO;
				MTL_FAST_MATH = YES;
				SDKROOT = iphoneos;
				SWIFT_COMPILATION_MODE = wholemodule;
				SWIFT_OPTIMIZATION_LEVEL = "-O";
				VALIDATE_PRODUCT = YES;
			};
			name = Release;
		};
		E2F3446426662F8900123EAC /* Debug */ = {
			isa = XCBuildConfiguration;
			buildSettings = {
				ASSETCATALOG_COMPILER_APPICON_NAME = AppIcon;
				ASSETCATALOG_COMPILER_GLOBAL_ACCENT_COLOR_NAME = AccentColor;
				CODE_SIGN_STYLE = Automatic;
				DEVELOPMENT_ASSET_PATHS = "\"MySwiftUIApp/Preview Content\"";
				DEVELOPMENT_TEAM = F83G8B8LP4;
				ENABLE_PREVIEWS = YES;
				INFOPLIST_FILE = MySwiftUIApp/Info.plist;
				IPHONEOS_DEPLOYMENT_TARGET = 14.0;
				LD_RUNPATH_SEARCH_PATHS = (
					"$(inherited)",
					"@executable_path/Frameworks",
				);
				PRODUCT_BUNDLE_IDENTIFIER = "Evgenij-Zolotov.MySwiftUIApp";
				PRODUCT_NAME = "$(TARGET_NAME)";
				SWIFT_VERSION = 5.0;
				TARGETED_DEVICE_FAMILY = "1,2";
			};
			name = Debug;
		};
		E2F3446526662F8900123EAC /* Release */ = {
			isa = XCBuildConfiguration;
			buildSettings = {
				ASSETCATALOG_COMPILER_APPICON_NAME = AppIcon;
				ASSETCATALOG_COMPILER_GLOBAL_ACCENT_COLOR_NAME = AccentColor;
				CODE_SIGN_STYLE = Automatic;
				DEVELOPMENT_ASSET_PATHS = "\"MySwiftUIApp/Preview Content\"";
				DEVELOPMENT_TEAM = F83G8B8LP4;
				ENABLE_PREVIEWS = YES;
				INFOPLIST_FILE = MySwiftUIApp/Info.plist;
				IPHONEOS_DEPLOYMENT_TARGET = 14.0;
				LD_RUNPATH_SEARCH_PATHS = (
					"$(inherited)",
					"@executable_path/Frameworks",
				);
				PRODUCT_BUNDLE_IDENTIFIER = "Evgenij-Zolotov.MySwiftUIApp";
				PRODUCT_NAME = "$(TARGET_NAME)";
				SWIFT_VERSION = 5.0;
				TARGETED_DEVICE_FAMILY = "1,2";
			};
			name = Release;
		};
/* End XCBuildConfiguration section */

/* Begin XCConfigurationList section */
		E2F3444F26662F8900123EAC /* Build configuration list for PBXProject "MySwiftUIApp" */ = {
			isa = XCConfigurationList;
			buildConfigurations = (
				E2F3446126662F8900123EAC /* Debug */,
				E2F3446226662F8900123EAC /* Release */,
			);
			defaultConfigurationIsVisible = 0;
			defaultConfigurationName = Release;
		};
		E2F3446326662F8900123EAC /* Build configuration list for PBXNativeTarget "MySwiftUIApp" */ = {
			isa = XCConfigurationList;
			buildConfigurations = (
				E2F3446426662F8900123EAC /* Debug */,
				E2F3446526662F8900123EAC /* Release */,
			);
			defaultConfigurationIsVisible = 0;
			defaultConfigurationName = Release;
		};
/* End XCConfigurationList section */
	};
	rootObject = E2F3444C26662F8900123EAC /* Project object */;
}
